
Microsoft Visual Studio Solution File, Format Version 12.00
# Visual Studio 2013
VisualStudioVersion = 12.0.30723.0
MinimumVisualStudioVersion = 10.0.40219.1
Project("{8BC9CEB8-8B4A-11D0-8D11-00A0C91BC942}") = "Lab8_James_Williams", "Lab8_James_Williams\Lab8_James_Williams.vcxproj", "{C28941F1-D530-4D9A-A8EB-C242035D5D07}"
EndProject
Global
	GlobalSection(SolutionConfigurationPlatforms) = preSolution
		Debug|Win32 = Debug|Win32
		Release|Win32 = Release|Win32
	EndGlobalSection
	GlobalSection(ProjectConfigurationPlatforms) = postSolution
		{C28941F1-D530-4D9A-A8EB-C242035D5D07}.Debug|Win32.ActiveCfg = Debug|Win32
		{C28941F1-D530-4D9A-A8EB-C242035D5D07}.Debug|Win32.Build.0 = Debug|Win32
		{C28941F1-D530-4D9A-A8EB-C242035D5D07}.Release|Win32.ActiveCfg = Release|Win32
		{C28941F1-D530-4D9A-A8EB-C242035D5D07}.Release|Win32.Build.0 = Release|Win32
	EndGlobalSection
	GlobalSection(SolutionProperties) = preSolution
		HideSolutionNode = FALSE
	EndGlobalSection
EndGlobal
